
Microsoft Visual Studio Solution File, Format Version 12.00
Project("{FAE04EC0-301F-11D3-BF4B-00C04F79EFBC}") = "SongRequestManager", "SongRequestManager\SongRequestManager.csproj", "{117329C8-ACC9-4DE5-BAF3-600D2A37E93F}"
EndProject
Project("{2150E333-8FDC-42A3-9474-1A3956D46DE8}") = "Useful files", "Useful files", "{DDC2F282-F5DB-4039-B769-6927CED69972}"
ProjectSection(SolutionItems) = preProject
	README.md = README.md
	SongRequestManager\manifest.json = SongRequestManager\manifest.json
	SongRequestManager\SongRequestManager.csproj.user = SongRequestManager\SongRequestManager.csproj.user
EndProjectSection
EndProject
Global
	GlobalSection(SolutionConfigurationPlatforms) = preSolution
		Debug|Any CPU = Debug|Any CPU
		Release|Any CPU = Release|Any CPU
	EndGlobalSection
	GlobalSection(ProjectConfigurationPlatforms) = postSolution
		{117329C8-ACC9-4DE5-BAF3-600D2A37E93F}.Debug|Any CPU.ActiveCfg = Debug|Any CPU
		{117329C8-ACC9-4DE5-BAF3-600D2A37E93F}.Debug|Any CPU.Build.0 = Debug|Any CPU
		{117329C8-ACC9-4DE5-BAF3-600D2A37E93F}.Release|Any CPU.ActiveCfg = Release|Any CPU
		{117329C8-ACC9-4DE5-BAF3-600D2A37E93F}.Release|Any CPU.Build.0 = Release|Any CPU
	EndGlobalSection
EndGlobal
